
Microsoft Visual Studio Solution File, Format Version 12.00
# Visual Studio 2013
VisualStudioVersion = 12.0.40629.0
MinimumVisualStudioVersion = 10.0.40219.1
Project("{8BC9CEB8-8B4A-11D0-8D11-00A0C91BC942}") = "PDFReduce", "PDFReduce\PDFReduce.vcxproj", "{A6B94471-841D-439B-AF99-2A33265C52E7}"
EndProject
Project("{8BC9CEB8-8B4A-11D0-8D11-00A0C91BC942}") = "DuiLib", "DirectUI\DuiLib.vcxproj", "{E106ACD7-4E53-4AEE-942B-D0DD426DB34E}"
EndProject
Global
	GlobalSection(SolutionConfigurationPlatforms) = preSolution
		Debug|Win32 = Debug|Win32
		NonXP_Debug|Win32 = NonXP_Debug|Win32
		NonXP_Release|Win32 = NonXP_Release|Win32
		Release|Win32 = Release|Win32
	EndGlobalSection
	GlobalSection(ProjectConfigurationPlatforms) = postSolution
		{A6B94471-841D-439B-AF99-2A33265C52E7}.Debug|Win32.ActiveCfg = Debug|Win32
		{A6B94471-841D-439B-AF99-2A33265C52E7}.Debug|Win32.Build.0 = Debug|Win32
		{A6B94471-841D-439B-AF99-2A33265C52E7}.NonXP_Debug|Win32.ActiveCfg = Debug|Win32
		{A6B94471-841D-439B-AF99-2A33265C52E7}.NonXP_Debug|Win32.Build.0 = Debug|Win32
		{A6B94471-841D-439B-AF99-2A33265C52E7}.NonXP_Release|Win32.ActiveCfg = Release|Win32
		{A6B94471-841D-439B-AF99-2A33265C52E7}.NonXP_Release|Win32.Build.0 = Release|Win32
		{A6B94471-841D-439B-AF99-2A33265C52E7}.Release|Win32.ActiveCfg = Release|Win32
		{A6B94471-841D-439B-AF99-2A33265C52E7}.Release|Win32.Build.0 = Release|Win32
		{E106ACD7-4E53-4AEE-942B-D0DD426DB34E}.Debug|Win32.ActiveCfg = Debug|Win32
		{E106ACD7-4E53-4AEE-942B-D0DD426DB34E}.Debug|Win32.Build.0 = Debug|Win32
		{E106ACD7-4E53-4AEE-942B-D0DD426DB34E}.NonXP_Debug|Win32.ActiveCfg = NonXP_Debug|Win32
		{E106ACD7-4E53-4AEE-942B-D0DD426DB34E}.NonXP_Debug|Win32.Build.0 = NonXP_Debug|Win32
		{E106ACD7-4E53-4AEE-942B-D0DD426DB34E}.NonXP_Release|Win32.ActiveCfg = NonXP_Release|Win32
		{E106ACD7-4E53-4AEE-942B-D0DD426DB34E}.NonXP_Release|Win32.Build.0 = NonXP_Release|Win32
		{E106ACD7-4E53-4AEE-942B-D0DD426DB34E}.Release|Win32.ActiveCfg = Release|Win32
		{E106ACD7-4E53-4AEE-942B-D0DD426DB34E}.Release|Win32.Build.0 = Release|Win32
	EndGlobalSection
	GlobalSection(SolutionProperties) = preSolution
		HideSolutionNode = FALSE
	EndGlobalSection
EndGlobal
